
Microsoft Visual Studio Solution File, Format Version 12.00
# Visual Studio Version 16
VisualStudioVersion = 16.0.32106.194
MinimumVisualStudioVersion = 10.0.40219.1
Project("{FAE04EC0-301F-11D3-BF4B-00C04F79EFBC}") = "PersonalityTest", "PersonalityTest\PersonalityTest.csproj", "{996B1869-90B5-41F4-A9CB-B51C37FB1F75}"
EndProject
Project("{FAE04EC0-301F-11D3-BF4B-00C04F79EFBC}") = "PersonalityTestSwitch", "PersonalityTestSwitch\PersonalityTestSwitch.csproj", "{A696D70C-1B9E-44D8-853C-98933336C92E}"
EndProject
Project("{FAE04EC0-301F-11D3-BF4B-00C04F79EFBC}") = "GradingIf", "GradingIf\GradingIf.csproj", "{C5377F62-C538-4DF1-8062-B971E303B607}"
EndProject
Project("{FAE04EC0-301F-11D3-BF4B-00C04F79EFBC}") = "GradingSwitch", "GradingSwitch\GradingSwitch.csproj", "{55018FC8-F898-4A24-8A95-0A5F641EED6B}"
EndProject
Project("{FAE04EC0-301F-11D3-BF4B-00C04F79EFBC}") = "CatsAndDogs", "CatsAndDogs\CatsAndDogs.csproj", "{945F68CC-6E9C-423E-9777-E46D4C9A42FB}"
EndProject
Global
	GlobalSection(SolutionConfigurationPlatforms) = preSolution
		Debug|Any CPU = Debug|Any CPU
		Release|Any CPU = Release|Any CPU
	EndGlobalSection
	GlobalSection(ProjectConfigurationPlatforms) = postSolution
		{996B1869-90B5-41F4-A9CB-B51C37FB1F75}.Debug|Any CPU.ActiveCfg = Debug|Any CPU
		{996B1869-90B5-41F4-A9CB-B51C37FB1F75}.Debug|Any CPU.Build.0 = Debug|Any CPU
		{996B1869-90B5-41F4-A9CB-B51C37FB1F75}.Release|Any CPU.ActiveCfg = Release|Any CPU
		{996B1869-90B5-41F4-A9CB-B51C37FB1F75}.Release|Any CPU.Build.0 = Release|Any CPU
		{A696D70C-1B9E-44D8-853C-98933336C92E}.Debug|Any CPU.ActiveCfg = Debug|Any CPU
		{A696D70C-1B9E-44D8-853C-98933336C92E}.Debug|Any CPU.Build.0 = Debug|Any CPU
		{A696D70C-1B9E-44D8-853C-98933336C92E}.Release|Any CPU.ActiveCfg = Release|Any CPU
		{A696D70C-1B9E-44D8-853C-98933336C92E}.Release|Any CPU.Build.0 = Release|Any CPU
		{C5377F62-C538-4DF1-8062-B971E303B607}.Debug|Any CPU.ActiveCfg = Debug|Any CPU
		{C5377F62-C538-4DF1-8062-B971E303B607}.Debug|Any CPU.Build.0 = Debug|Any CPU
		{C5377F62-C538-4DF1-8062-B971E303B607}.Release|Any CPU.ActiveCfg = Release|Any CPU
		{C5377F62-C538-4DF1-8062-B971E303B607}.Release|Any CPU.Build.0 = Release|Any CPU
		{55018FC8-F898-4A24-8A95-0A5F641EED6B}.Debug|Any CPU.ActiveCfg = Debug|Any CPU
		{55018FC8-F898-4A24-8A95-0A5F641EED6B}.Debug|Any CPU.Build.0 = Debug|Any CPU
		{55018FC8-F898-4A24-8A95-0A5F641EED6B}.Release|Any CPU.ActiveCfg = Release|Any CPU
		{55018FC8-F898-4A24-8A95-0A5F641EED6B}.Release|Any CPU.Build.0 = Release|Any CPU
		{945F68CC-6E9C-423E-9777-E46D4C9A42FB}.Debug|Any CPU.ActiveCfg = Debug|Any CPU
		{945F68CC-6E9C-423E-9777-E46D4C9A42FB}.Debug|Any CPU.Build.0 = Debug|Any CPU
		{945F68CC-6E9C-423E-9777-E46D4C9A42FB}.Release|Any CPU.ActiveCfg = Release|Any CPU
		{945F68CC-6E9C-423E-9777-E46D4C9A42FB}.Release|Any CPU.Build.0 = Release|Any CPU
	EndGlobalSection
	GlobalSection(SolutionProperties) = preSolution
		HideSolutionNode = FALSE
	EndGlobalSection
	GlobalSection(ExtensibilityGlobals) = postSolution
		SolutionGuid = {8F840F77-FF44-417D-8901-9D0582C10038}
	EndGlobalSection
EndGlobal
